
Microsoft Visual Studio Solution File, Format Version 12.00
# Visual Studio Version 18
VisualStudioVersion = 18.0.11116.177 d18.0
MinimumVisualStudioVersion = 10.0.40219.1
Project("{FAE04EC0-301F-11D3-BF4B-00C04F79EFBC}") = "ArchitectureClean.Domain", "ArchitectureClean.Domain\ArchitectureClean.Domain.csproj", "{4D6A19E9-EACD-4929-8501-6F7A5FF53276}"
EndProject
Project("{FAE04EC0-301F-11D3-BF4B-00C04F79EFBC}") = "ArchitectureClean.Application", "ArchitectureClean.Application\ArchitectureClean.Application.csproj", "{AC96DBC2-6234-4BAA-BF23-FC8DE6DC7CAC}"
EndProject
Project("{FAE04EC0-301F-11D3-BF4B-00C04F79EFBC}") = "ArchitectureClean.MVC", "ArchitectureClean.MVC\ArchitectureClean.MVC.csproj", "{337042FB-4BAE-400A-B35E-B6C357C059F7}"
EndProject
Project("{FAE04EC0-301F-11D3-BF4B-00C04F79EFBC}") = "ArchitectureClean.Infra.IoC", "ArchitectureClean.Infra.IoC\ArchitectureClean.Infra.IoC.csproj", "{D9C08F4B-5A70-4AE1-BBB0-AD1DB201461B}"
EndProject
Global
	GlobalSection(SolutionConfigurationPlatforms) = preSolution
		Debug|Any CPU = Debug|Any CPU
		Debug|x64 = Debug|x64
		Debug|x86 = Debug|x86
		Release|Any CPU = Release|Any CPU
		Release|x64 = Release|x64
		Release|x86 = Release|x86
	EndGlobalSection
	GlobalSection(ProjectConfigurationPlatforms) = postSolution
		{4D6A19E9-EACD-4929-8501-6F7A5FF53276}.Debug|Any CPU.ActiveCfg = Debug|Any CPU
		{4D6A19E9-EACD-4929-8501-6F7A5FF53276}.Debug|Any CPU.Build.0 = Debug|Any CPU
		{4D6A19E9-EACD-4929-8501-6F7A5FF53276}.Debug|x64.ActiveCfg = Debug|Any CPU
		{4D6A19E9-EACD-4929-8501-6F7A5FF53276}.Debug|x64.Build.0 = Debug|Any CPU
		{4D6A19E9-EACD-4929-8501-6F7A5FF53276}.Debug|x86.ActiveCfg = Debug|Any CPU
		{4D6A19E9-EACD-4929-8501-6F7A5FF53276}.Debug|x86.Build.0 = Debug|Any CPU
		{4D6A19E9-EACD-4929-8501-6F7A5FF53276}.Release|Any CPU.ActiveCfg = Release|Any CPU
		{4D6A19E9-EACD-4929-8501-6F7A5FF53276}.Release|Any CPU.Build.0 = Release|Any CPU
		{4D6A19E9-EACD-4929-8501-6F7A5FF53276}.Release|x64.ActiveCfg = Release|Any CPU
		{4D6A19E9-EACD-4929-8501-6F7A5FF53276}.Release|x64.Build.0 = Release|Any CPU
		{4D6A19E9-EACD-4929-8501-6F7A5FF53276}.Release|x86.ActiveCfg = Release|Any CPU
		{4D6A19E9-EACD-4929-8501-6F7A5FF53276}.Release|x86.Build.0 = Release|Any CPU
		{AC96DBC2-6234-4BAA-BF23-FC8DE6DC7CAC}.Debug|Any CPU.ActiveCfg = Debug|Any CPU
		{AC96DBC2-6234-4BAA-BF23-FC8DE6DC7CAC}.Debug|Any CPU.Build.0 = Debug|Any CPU
		{AC96DBC2-6234-4BAA-BF23-FC8DE6DC7CAC}.Debug|x64.ActiveCfg = Debug|Any CPU
		{AC96DBC2-6234-4BAA-BF23-FC8DE6DC7CAC}.Debug|x64.Build.0 = Debug|Any CPU
		{AC96DBC2-6234-4BAA-BF23-FC8DE6DC7CAC}.Debug|x86.ActiveCfg = Debug|Any CPU
		{AC96DBC2-6234-4BAA-BF23-FC8DE6DC7CAC}.Debug|x86.Build.0 = Debug|Any CPU
		{AC96DBC2-6234-4BAA-BF23-FC8DE6DC7CAC}.Release|Any CPU.ActiveCfg = Release|Any CPU
		{AC96DBC2-6234-4BAA-BF23-FC8DE6DC7CAC}.Release|Any CPU.Build.0 = Release|Any CPU
		{AC96DBC2-6234-4BAA-BF23-FC8DE6DC7CAC}.Release|x64.ActiveCfg = Release|Any CPU
		{AC96DBC2-6234-4BAA-BF23-FC8DE6DC7CAC}.Release|x64.Build.0 = Release|Any CPU
		{AC96DBC2-6234-4BAA-BF23-FC8DE6DC7CAC}.Release|x86.ActiveCfg = Release|Any CPU
		{AC96DBC2-6234-4BAA-BF23-FC8DE6DC7CAC}.Release|x86.Build.0 = Release|Any CPU
		{337042FB-4BAE-400A-B35E-B6C357C059F7}.Debug|Any CPU.ActiveCfg = Debug|Any CPU
		{337042FB-4BAE-400A-B35E-B6C357C059F7}.Debug|Any CPU.Build.0 = Debug|Any CPU
		{337042FB-4BAE-400A-B35E-B6C357C059F7}.Debug|x64.ActiveCfg = Debug|Any CPU
		{337042FB-4BAE-400A-B35E-B6C357C059F7}.Debug|x64.Build.0 = Debug|Any CPU
		{337042FB-4BAE-400A-B35E-B6C357C059F7}.Debug|x86.ActiveCfg = Debug|Any CPU
		{337042FB-4BAE-400A-B35E-B6C357C059F7}.Debug|x86.Build.0 = Debug|Any CPU
		{337042FB-4BAE-400A-B35E-B6C357C059F7}.Release|Any CPU.ActiveCfg = Release|Any CPU
		{337042FB-4BAE-400A-B35E-B6C357C059F7}.Release|Any CPU.Build.0 = Release|Any CPU
		{337042FB-4BAE-400A-B35E-B6C357C059F7}.Release|x64.ActiveCfg = Release|Any CPU
		{337042FB-4BAE-400A-B35E-B6C357C059F7}.Release|x64.Build.0 = Release|Any CPU
		{337042FB-4BAE-400A-B35E-B6C357C059F7}.Release|x86.ActiveCfg = Release|Any CPU
		{337042FB-4BAE-400A-B35E-B6C357C059F7}.Release|x86.Build.0 = Release|Any CPU
		{D9C08F4B-5A70-4AE1-BBB0-AD1DB201461B}.Debug|Any CPU.ActiveCfg = Debug|Any CPU
		{D9C08F4B-5A70-4AE1-BBB0-AD1DB201461B}.Debug|Any CPU.Build.0 = Debug|Any CPU
		{D9C08F4B-5A70-4AE1-BBB0-AD1DB201461B}.Debug|x64.ActiveCfg = Debug|Any CPU
		{D9C08F4B-5A70-4AE1-BBB0-AD1DB201461B}.Debug|x64.Build.0 = Debug|Any CPU
		{D9C08F4B-5A70-4AE1-BBB0-AD1DB201461B}.Debug|x86.ActiveCfg = Debug|Any CPU
		{D9C08F4B-5A70-4AE1-BBB0-AD1DB201461B}.Debug|x86.Build.0 = Debug|Any CPU
		{D9C08F4B-5A70-4AE1-BBB0-AD1DB201461B}.Release|Any CPU.ActiveCfg = Release|Any CPU
		{D9C08F4B-5A70-4AE1-BBB0-AD1DB201461B}.Release|Any CPU.Build.0 = Release|Any CPU
		{D9C08F4B-5A70-4AE1-BBB0-AD1DB201461B}.Release|x64.ActiveCfg = Release|Any CPU
		{D9C08F4B-5A70-4AE1-BBB0-AD1DB201461B}.Release|x64.Build.0 = Release|Any CPU
		{D9C08F4B-5A70-4AE1-BBB0-AD1DB201461B}.Release|x86.ActiveCfg = Release|Any CPU
		{D9C08F4B-5A70-4AE1-BBB0-AD1DB201461B}.Release|x86.Build.0 = Release|Any CPU
	EndGlobalSection
	GlobalSection(SolutionProperties) = preSolution
		HideSolutionNode = FALSE
	EndGlobalSection
	GlobalSection(ExtensibilityGlobals) = postSolution
		SolutionGuid = {47DF4BCC-9C79-4A73-895C-7E6FCD8CFE66}
	EndGlobalSection
EndGlobal
